// !$*UTF8*$!
{
	archiveVersion = 1;
	classes = {
	};
	objectVersion = 46;
	objects = {

/* Begin PBXBuildFile section */
		1837587529BC3F6BD348E88F /* Pods_AppusApplications.framework in Frameworks */ = {isa = PBXBuildFile; fileRef = 83F160896A61387DEB112CC3 /* Pods_AppusApplications.framework */; };
		AE8DC711965FBCBF2EAA2211 /* Pods_AppCollection.framework in Frameworks */ = {isa = PBXBuildFile; fileRef = 68882119FDD2EDDB442302F6 /* Pods_AppCollection.framework */; };
		FCB1334E1E437457001C1112 /* AppsViewController.swift in Sources */ = {isa = PBXBuildFile; fileRef = FCB133321E437457001C1112 /* AppsViewController.swift */; };
		FCB133501E437457001C1112 /* AppApp.storyboard in Resources */ = {isa = PBXBuildFile; fileRef = FCB133341E437457001C1112 /* AppApp.storyboard */; };
		FCB133511E437457001C1112 /* ApplicationTableViewCell.swift in Sources */ = {isa = PBXBuildFile; fileRef = FCB133371E437457001C1112 /* ApplicationTableViewCell.swift */; };
		FCB133521E437457001C1112 /* DetailCollectionViewCell.swift in Sources */ = {isa = PBXBuildFile; fileRef = FCB133381E437457001C1112 /* DetailCollectionViewCell.swift */; };
		FCB133531E437457001C1112 /* DetailViewController.swift in Sources */ = {isa = PBXBuildFile; fileRef = FCB133391E437457001C1112 /* DetailViewController.swift */; };
		FCB133541E437457001C1112 /* ApplicationFactory.swift in Sources */ = {isa = PBXBuildFile; fileRef = FCB1333B1E437457001C1112 /* ApplicationFactory.swift */; };
		FCB133551E437457001C1112 /* SettingsManager.swift in Sources */ = {isa = PBXBuildFile; fileRef = FCB1333C1E437457001C1112 /* SettingsManager.swift */; };
		FCB133561E437457001C1112 /* Info.plist in Resources */ = {isa = PBXBuildFile; fileRef = FCB1333D1E437457001C1112 /* Info.plist */; };
		FCB133571E437457001C1112 /* AppusApp.swift in Sources */ = {isa = PBXBuildFile; fileRef = FCB1333F1E437457001C1112 /* AppusApp.swift */; };
		FCB133581E437457001C1112 /* apps_ids.txt in Resources */ = {isa = PBXBuildFile; fileRef = FCB133411E437457001C1112 /* apps_ids.txt */; };
		FCB133591E437457001C1112 /* IMG_7827.png in Resources */ = {isa = PBXBuildFile; fileRef = FCB133421E437457001C1112 /* IMG_7827.png */; };
		FCB1335A1E437457001C1112 /* IMG_7828.png in Resources */ = {isa = PBXBuildFile; fileRef = FCB133431E437457001C1112 /* IMG_7828.png */; };
		FCB1335B1E437457001C1112 /* IMG_7829.png in Resources */ = {isa = PBXBuildFile; fileRef = FCB133441E437457001C1112 /* IMG_7829.png */; };
		FCB1335C1E437457001C1112 /* languages_isoa2.csv in Resources */ = {isa = PBXBuildFile; fileRef = FCB133451E437457001C1112 /* languages_isoa2.csv */; };
		FCB1335D1E437457001C1112 /* StarEmpty@2x.png in Resources */ = {isa = PBXBuildFile; fileRef = FCB133461E437457001C1112 /* StarEmpty@2x.png */; };
		FCB1335E1E437457001C1112 /* StarFull@2x.png in Resources */ = {isa = PBXBuildFile; fileRef = FCB133471E437457001C1112 /* StarFull@2x.png */; };
		FCB1335F1E437457001C1112 /* CSwiftV.swift in Sources */ = {isa = PBXBuildFile; fileRef = FCB1334B1E437457001C1112 /* CSwiftV.swift */; };
		FCB133601E437457001C1112 /* FloatRatingView.swift in Sources */ = {isa = PBXBuildFile; fileRef = FCB1334D1E437457001C1112 /* FloatRatingView.swift */; };
		FCB133621E437529001C1112 /* Assets.xcassets in Resources */ = {isa = PBXBuildFile; fileRef = FCB133611E437529001C1112 /* Assets.xcassets */; };
/* End PBXBuildFile section */

/* Begin PBXFileReference section */
		3EB5F164A40F1D0C271BAC64 /* Pods-AppusApplications.debug.xcconfig */ = {isa = PBXFileReference; includeInIndex = 1; lastKnownFileType = text.xcconfig; name = "Pods-AppusApplications.debug.xcconfig"; path = "Pods/Target Support Files/Pods-AppusApplications/Pods-AppusApplications.debug.xcconfig"; sourceTree = "<group>"; };
		49F495E235BE65000F994A82 /* Pods-AppusApplications.release.xcconfig */ = {isa = PBXFileReference; includeInIndex = 1; lastKnownFileType = text.xcconfig; name = "Pods-AppusApplications.release.xcconfig"; path = "Pods/Target Support Files/Pods-AppusApplications/Pods-AppusApplications.release.xcconfig"; sourceTree = "<group>"; };
		4CDB24E44CE022F624F90F69 /* Pods-AppCollection.release.xcconfig */ = {isa = PBXFileReference; includeInIndex = 1; lastKnownFileType = text.xcconfig; name = "Pods-AppCollection.release.xcconfig"; path = "Pods/Target Support Files/Pods-AppCollection/Pods-AppCollection.release.xcconfig"; sourceTree = "<group>"; };
		68882119FDD2EDDB442302F6 /* Pods_AppCollection.framework */ = {isa = PBXFileReference; explicitFileType = wrapper.framework; includeInIndex = 0; path = Pods_AppCollection.framework; sourceTree = BUILT_PRODUCTS_DIR; };
		83F160896A61387DEB112CC3 /* Pods_AppusApplications.framework */ = {isa = PBXFileReference; explicitFileType = wrapper.framework; includeInIndex = 0; path = Pods_AppusApplications.framework; sourceTree = BUILT_PRODUCTS_DIR; };
		DAA1BC2C3C4B3D431515E5F6 /* Pods-AppCollection.debug.xcconfig */ = {isa = PBXFileReference; includeInIndex = 1; lastKnownFileType = text.xcconfig; name = "Pods-AppCollection.debug.xcconfig"; path = "Pods/Target Support Files/Pods-AppCollection/Pods-AppCollection.debug.xcconfig"; sourceTree = "<group>"; };
		FC7691711E2CD90A00DB6F38 /* AppCollection.app */ = {isa = PBXFileReference; explicitFileType = wrapper.application; includeInIndex = 0; path = AppCollection.app; sourceTree = BUILT_PRODUCTS_DIR; };
		FCB133321E437457001C1112 /* AppsViewController.swift */ = {isa = PBXFileReference; fileEncoding = 4; lastKnownFileType = sourcecode.swift; path = AppsViewController.swift; sourceTree = "<group>"; };
		FCB133351E437457001C1112 /* Base */ = {isa = PBXFileReference; lastKnownFileType = file.storyboard; name = Base; path = Base.lproj/AppApp.storyboard; sourceTree = "<group>"; };
		FCB133371E437457001C1112 /* ApplicationTableViewCell.swift */ = {isa = PBXFileReference; fileEncoding = 4; lastKnownFileType = sourcecode.swift; path = ApplicationTableViewCell.swift; sourceTree = "<group>"; };
		FCB133381E437457001C1112 /* DetailCollectionViewCell.swift */ = {isa = PBXFileReference; fileEncoding = 4; lastKnownFileType = sourcecode.swift; path = DetailCollectionViewCell.swift; sourceTree = "<group>"; };
		FCB133391E437457001C1112 /* DetailViewController.swift */ = {isa = PBXFileReference; fileEncoding = 4; lastKnownFileType = sourcecode.swift; path = DetailViewController.swift; sourceTree = "<group>"; };
		FCB1333B1E437457001C1112 /* ApplicationFactory.swift */ = {isa = PBXFileReference; fileEncoding = 4; lastKnownFileType = sourcecode.swift; path = ApplicationFactory.swift; sourceTree = "<group>"; };
		FCB1333C1E437457001C1112 /* SettingsManager.swift */ = {isa = PBXFileReference; fileEncoding = 4; lastKnownFileType = sourcecode.swift; path = SettingsManager.swift; sourceTree = "<group>"; };
		FCB1333D1E437457001C1112 /* Info.plist */ = {isa = PBXFileReference; fileEncoding = 4; lastKnownFileType = text.plist.xml; path = Info.plist; sourceTree = "<group>"; };
		FCB1333F1E437457001C1112 /* AppusApp.swift */ = {isa = PBXFileReference; fileEncoding = 4; lastKnownFileType = sourcecode.swift; path = AppusApp.swift; sourceTree = "<group>"; };
		FCB133411E437457001C1112 /* apps_ids.txt */ = {isa = PBXFileReference; fileEncoding = 4; lastKnownFileType = text; path = apps_ids.txt; sourceTree = "<group>"; };
		FCB133421E437457001C1112 /* IMG_7827.png */ = {isa = PBXFileReference; lastKnownFileType = image.png; path = IMG_7827.png; sourceTree = "<group>"; };
		FCB133431E437457001C1112 /* IMG_7828.png */ = {isa = PBXFileReference; lastKnownFileType = image.png; path = IMG_7828.png; sourceTree = "<group>"; };
		FCB133441E437457001C1112 /* IMG_7829.png */ = {isa = PBXFileReference; lastKnownFileType = image.png; path = IMG_7829.png; sourceTree = "<group>"; };
		FCB133451E437457001C1112 /* languages_isoa2.csv */ = {isa = PBXFileReference; fileEncoding = 4; lastKnownFileType = text; path = languages_isoa2.csv; sourceTree = "<group>"; };
		FCB133461E437457001C1112 /* StarEmpty@2x.png */ = {isa = PBXFileReference; lastKnownFileType = image.png; path = "StarEmpty@2x.png"; sourceTree = "<group>"; };
		FCB133471E437457001C1112 /* StarFull@2x.png */ = {isa = PBXFileReference; lastKnownFileType = image.png; path = "StarFull@2x.png"; sourceTree = "<group>"; };
		FCB1334B1E437457001C1112 /* CSwiftV.swift */ = {isa = PBXFileReference; fileEncoding = 4; lastKnownFileType = sourcecode.swift; path = CSwiftV.swift; sourceTree = "<group>"; };
		FCB1334D1E437457001C1112 /* FloatRatingView.swift */ = {isa = PBXFileReference; fileEncoding = 4; lastKnownFileType = sourcecode.swift; path = FloatRatingView.swift; sourceTree = "<group>"; };
		FCB133611E437529001C1112 /* Assets.xcassets */ = {isa = PBXFileReference; lastKnownFileType = folder.assetcatalog; name = Assets.xcassets; path = ../AppCollectionAssets/Assets.xcassets; sourceTree = "<group>"; };
/* End PBXFileReference section */

/* Begin PBXFrameworksBuildPhase section */
		FC76916E1E2CD90A00DB6F38 /* Frameworks */ = {
			isa = PBXFrameworksBuildPhase;
			buildActionMask = 2147483647;
			files = (
				1837587529BC3F6BD348E88F /* Pods_AppusApplications.framework in Frameworks */,
				AE8DC711965FBCBF2EAA2211 /* Pods_AppCollection.framework in Frameworks */,
			);
			runOnlyForDeploymentPostprocessing = 0;
		};
/* End PBXFrameworksBuildPhase section */

/* Begin PBXGroup section */
		1D269B97A67648A83B685879 /* Pods */ = {
			isa = PBXGroup;
			children = (
				3EB5F164A40F1D0C271BAC64 /* Pods-AppusApplications.debug.xcconfig */,
				49F495E235BE65000F994A82 /* Pods-AppusApplications.release.xcconfig */,
				DAA1BC2C3C4B3D431515E5F6 /* Pods-AppCollection.debug.xcconfig */,
				4CDB24E44CE022F624F90F69 /* Pods-AppCollection.release.xcconfig */,
			);
			name = Pods;
			sourceTree = "<group>";
		};
		D406A3DEA29348F0B3B86665 /* Frameworks */ = {
			isa = PBXGroup;
			children = (
				83F160896A61387DEB112CC3 /* Pods_AppusApplications.framework */,
				68882119FDD2EDDB442302F6 /* Pods_AppCollection.framework */,
			);
			name = Frameworks;
			sourceTree = "<group>";
		};
		FC7691681E2CD90A00DB6F38 = {
			isa = PBXGroup;
			children = (
				FCB133311E437457001C1112 /* AppCollection */,
				FC7691721E2CD90A00DB6F38 /* Products */,
				1D269B97A67648A83B685879 /* Pods */,
				D406A3DEA29348F0B3B86665 /* Frameworks */,
			);
			sourceTree = "<group>";
		};
		FC7691721E2CD90A00DB6F38 /* Products */ = {
			isa = PBXGroup;
			children = (
				FC7691711E2CD90A00DB6F38 /* AppCollection.app */,
			);
			name = Products;
			sourceTree = "<group>";
		};
		FCB133311E437457001C1112 /* AppCollection */ = {
			isa = PBXGroup;
			children = (
				FCB133611E437529001C1112 /* Assets.xcassets */,
				FCB133321E437457001C1112 /* AppsViewController.swift */,
				FCB133341E437457001C1112 /* AppApp.storyboard */,
				FCB133361E437457001C1112 /* Cells */,
				FCB133391E437457001C1112 /* DetailViewController.swift */,
				FCB1333A1E437457001C1112 /* Factory */,
				FCB1333D1E437457001C1112 /* Info.plist */,
				FCB1333E1E437457001C1112 /* Model */,
				FCB133401E437457001C1112 /* Resources */,
				FCB133481E437457001C1112 /* Vendor */,
			);
			name = AppCollection;
			path = ../../../Feather52/Desktop/TestRep/AppCollection;
			sourceTree = "<group>";
		};
		FCB133361E437457001C1112 /* Cells */ = {
			isa = PBXGroup;
			children = (
				FCB133371E437457001C1112 /* ApplicationTableViewCell.swift */,
				FCB133381E437457001C1112 /* DetailCollectionViewCell.swift */,
			);
			path = Cells;
			sourceTree = "<group>";
		};
		FCB1333A1E437457001C1112 /* Factory */ = {
			isa = PBXGroup;
			children = (
				FCB1333B1E437457001C1112 /* ApplicationFactory.swift */,
				FCB1333C1E437457001C1112 /* SettingsManager.swift */,
			);
			path = Factory;
			sourceTree = "<group>";
		};
		FCB1333E1E437457001C1112 /* Model */ = {
			isa = PBXGroup;
			children = (
				FCB1333F1E437457001C1112 /* AppusApp.swift */,
			);
			path = Model;
			sourceTree = "<group>";
		};
		FCB133401E437457001C1112 /* Resources */ = {
			isa = PBXGroup;
			children = (
				FCB133411E437457001C1112 /* apps_ids.txt */,
				FCB133421E437457001C1112 /* IMG_7827.png */,
				FCB133431E437457001C1112 /* IMG_7828.png */,
				FCB133441E437457001C1112 /* IMG_7829.png */,
				FCB133451E437457001C1112 /* languages_isoa2.csv */,
				FCB133461E437457001C1112 /* StarEmpty@2x.png */,
				FCB133471E437457001C1112 /* StarFull@2x.png */,
			);
			path = Resources;
			sourceTree = "<group>";
		};
		FCB133481E437457001C1112 /* Vendor */ = {
			isa = PBXGroup;
			children = (
				FCB133491E437457001C1112 /* CSwiftV */,
				FCB1334C1E437457001C1112 /* RatingView */,
			);
			path = Vendor;
			sourceTree = "<group>";
		};
		FCB133491E437457001C1112 /* CSwiftV */ = {
			isa = PBXGroup;
			children = (
				FCB1334A1E437457001C1112 /* Sources */,
			);
			path = CSwiftV;
			sourceTree = "<group>";
		};
		FCB1334A1E437457001C1112 /* Sources */ = {
			isa = PBXGroup;
			children = (
				FCB1334B1E437457001C1112 /* CSwiftV.swift */,
			);
			path = Sources;
			sourceTree = "<group>";
		};
		FCB1334C1E437457001C1112 /* RatingView */ = {
			isa = PBXGroup;
			children = (
				FCB1334D1E437457001C1112 /* FloatRatingView.swift */,
			);
			path = RatingView;
			sourceTree = "<group>";
		};
/* End PBXGroup section */

/* Begin PBXNativeTarget section */
		FC7691701E2CD90A00DB6F38 /* AppCollection */ = {
			isa = PBXNativeTarget;
			buildConfigurationList = FC7691831E2CD90A00DB6F38 /* Build configuration list for PBXNativeTarget "AppCollection" */;
			buildPhases = (
				C78B6541D53D8D0ADF8122F6 /* [CP] Check Pods Manifest.lock */,
				FC76916D1E2CD90A00DB6F38 /* Sources */,
				FC76916E1E2CD90A00DB6F38 /* Frameworks */,
				FC76916F1E2CD90A00DB6F38 /* Resources */,
				B2866DDE63620FDD10516ED1 /* [CP] Embed Pods Frameworks */,
				687FB2A1BF2BBCEE33FDECB6 /* [CP] Copy Pods Resources */,
				FC7691881E2CDDA000DB6F38 /* ShellScript */,
			);
			buildRules = (
			);
			dependencies = (
			);
			name = AppCollection;
			productName = AppusApplications;
			productReference = FC7691711E2CD90A00DB6F38 /* AppCollection.app */;
			productType = "com.apple.product-type.application";
		};
/* End PBXNativeTarget section */

/* Begin PBXProject section */
		FC7691691E2CD90A00DB6F38 /* Project object */ = {
			isa = PBXProject;
			attributes = {
				LastSwiftUpdateCheck = 0820;
				LastUpgradeCheck = 0820;
				ORGANIZATIONNAME = Appus;
				TargetAttributes = {
					FC7691701E2CD90A00DB6F38 = {
						CreatedOnToolsVersion = 8.2.1;
						DevelopmentTeam = 6H32342R79;
						LastSwiftMigration = 0820;
						ProvisioningStyle = Manual;
					};
				};
			};
			buildConfigurationList = FC76916C1E2CD90A00DB6F38 /* Build configuration list for PBXProject "AppCollection" */;
			compatibilityVersion = "Xcode 3.2";
			developmentRegion = English;
			hasScannedForEncodings = 0;
			knownRegions = (
				en,
				Base,
			);
			mainGroup = FC7691681E2CD90A00DB6F38;
			productRefGroup = FC7691721E2CD90A00DB6F38 /* Products */;
			projectDirPath = "";
			projectRoot = "";
			targets = (
				FC7691701E2CD90A00DB6F38 /* AppCollection */,
			);
		};
/* End PBXProject section */

/* Begin PBXResourcesBuildPhase section */
		FC76916F1E2CD90A00DB6F38 /* Resources */ = {
			isa = PBXResourcesBuildPhase;
			buildActionMask = 2147483647;
			files = (
				FCB1335A1E437457001C1112 /* IMG_7828.png in Resources */,
				FCB1335C1E437457001C1112 /* languages_isoa2.csv in Resources */,
				FCB1335D1E437457001C1112 /* StarEmpty@2x.png in Resources */,
				FCB133501E437457001C1112 /* AppApp.storyboard in Resources */,
				FCB133621E437529001C1112 /* Assets.xcassets in Resources */,
				FCB1335B1E437457001C1112 /* IMG_7829.png in Resources */,
				FCB1335E1E437457001C1112 /* StarFull@2x.png in Resources */,
				FCB133581E437457001C1112 /* apps_ids.txt in Resources */,
				FCB133561E437457001C1112 /* Info.plist in Resources */,
				FCB133591E437457001C1112 /* IMG_7827.png in Resources */,
			);
			runOnlyForDeploymentPostprocessing = 0;
		};
/* End PBXResourcesBuildPhase section */

/* Begin PBXShellScriptBuildPhase section */
		687FB2A1BF2BBCEE33FDECB6 /* [CP] Copy Pods Resources */ = {
			isa = PBXShellScriptBuildPhase;
			buildActionMask = 2147483647;
			files = (
			);
			inputPaths = (
			);
			name = "[CP] Copy Pods Resources";
			outputPaths = (
			);
			runOnlyForDeploymentPostprocessing = 0;
			shellPath = /bin/sh;
			shellScript = "\"${SRCROOT}/Pods/Target Support Files/Pods-AppCollection/Pods-AppCollection-resources.sh\"\n";
			showEnvVarsInLog = 0;
		};
		B2866DDE63620FDD10516ED1 /* [CP] Embed Pods Frameworks */ = {
			isa = PBXShellScriptBuildPhase;
			buildActionMask = 2147483647;
			files = (
			);
			inputPaths = (
			);
			name = "[CP] Embed Pods Frameworks";
			outputPaths = (
			);
			runOnlyForDeploymentPostprocessing = 0;
			shellPath = /bin/sh;
			shellScript = "\"${SRCROOT}/Pods/Target Support Files/Pods-AppCollection/Pods-AppCollection-frameworks.sh\"\n";
			showEnvVarsInLog = 0;
		};
		C78B6541D53D8D0ADF8122F6 /* [CP] Check Pods Manifest.lock */ = {
			isa = PBXShellScriptBuildPhase;
			buildActionMask = 2147483647;
			files = (
			);
			inputPaths = (
			);
			name = "[CP] Check Pods Manifest.lock";
			outputPaths = (
			);
			runOnlyForDeploymentPostprocessing = 0;
			shellPath = /bin/sh;
			shellScript = "diff \"${PODS_ROOT}/../Podfile.lock\" \"${PODS_ROOT}/Manifest.lock\" > /dev/null\nif [ $? != 0 ] ; then\n    # print error to STDERR\n    echo \"error: The sandbox is not in sync with the Podfile.lock. Run 'pod install' or update your CocoaPods installation.\" >&2\n    exit 1\nfi\n";
			showEnvVarsInLog = 0;
		};
		FC7691881E2CDDA000DB6F38 /* ShellScript */ = {
			isa = PBXShellScriptBuildPhase;
			buildActionMask = 2147483647;
			files = (
			);
			inputPaths = (
			);
			outputPaths = (
			);
			runOnlyForDeploymentPostprocessing = 0;
			shellPath = /bin/sh;
			shellScript = "";
		};
/* End PBXShellScriptBuildPhase section */

/* Begin PBXSourcesBuildPhase section */
		FC76916D1E2CD90A00DB6F38 /* Sources */ = {
			isa = PBXSourcesBuildPhase;
			buildActionMask = 2147483647;
			files = (
				FCB133511E437457001C1112 /* ApplicationTableViewCell.swift in Sources */,
				FCB1334E1E437457001C1112 /* AppsViewController.swift in Sources */,
				FCB133571E437457001C1112 /* AppusApp.swift in Sources */,
				FCB133551E437457001C1112 /* SettingsManager.swift in Sources */,
				FCB133521E437457001C1112 /* DetailCollectionViewCell.swift in Sources */,
				FCB133531E437457001C1112 /* DetailViewController.swift in Sources */,
				FCB133601E437457001C1112 /* FloatRatingView.swift in Sources */,
				FCB1335F1E437457001C1112 /* CSwiftV.swift in Sources */,
				FCB133541E437457001C1112 /* ApplicationFactory.swift in Sources */,
			);
			runOnlyForDeploymentPostprocessing = 0;
		};
/* End PBXSourcesBuildPhase section */

/* Begin PBXVariantGroup section */
		FCB133341E437457001C1112 /* AppApp.storyboard */ = {
			isa = PBXVariantGroup;
			children = (
				FCB133351E437457001C1112 /* Base */,
			);
			name = AppApp.storyboard;
			sourceTree = "<group>";
		};
/* End PBXVariantGroup section */

/* Begin XCBuildConfiguration section */
		FC7691811E2CD90A00DB6F38 /* Debug */ = {
			isa = XCBuildConfiguration;
			buildSettings = {
				ALWAYS_SEARCH_USER_PATHS = NO;
				CLANG_ANALYZER_NONNULL = YES;
				CLANG_CXX_LANGUAGE_STANDARD = "gnu++0x";
				CLANG_CXX_LIBRARY = "libc++";
				CLANG_ENABLE_MODULES = YES;
				CLANG_ENABLE_OBJC_ARC = YES;
				CLANG_WARN_BOOL_CONVERSION = YES;
				CLANG_WARN_CONSTANT_CONVERSION = YES;
				CLANG_WARN_DIRECT_OBJC_ISA_USAGE = YES_ERROR;
				CLANG_WARN_DOCUMENTATION_COMMENTS = YES;
				CLANG_WARN_EMPTY_BODY = YES;
				CLANG_WARN_ENUM_CONVERSION = YES;
				CLANG_WARN_INFINITE_RECURSION = YES;
				CLANG_WARN_INT_CONVERSION = YES;
				CLANG_WARN_OBJC_ROOT_CLASS = YES_ERROR;
				CLANG_WARN_SUSPICIOUS_MOVE = YES;
				CLANG_WARN_UNREACHABLE_CODE = YES;
				CLANG_WARN__DUPLICATE_METHOD_MATCH = YES;
				"CODE_SIGN_IDENTITY[sdk=iphoneos*]" = "iPhone Developer";
				COPY_PHASE_STRIP = NO;
				DEBUG_INFORMATION_FORMAT = dwarf;
				ENABLE_STRICT_OBJC_MSGSEND = YES;
				ENABLE_TESTABILITY = YES;
				GCC_C_LANGUAGE_STANDARD = gnu99;
				GCC_DYNAMIC_NO_PIC = NO;
				GCC_NO_COMMON_BLOCKS = YES;
				GCC_OPTIMIZATION_LEVEL = 0;
				GCC_PREPROCESSOR_DEFINITIONS = (
					"DEBUG=1",
					"$(inherited)",
				);
				GCC_WARN_64_TO_32_BIT_CONVERSION = YES;
				GCC_WARN_ABOUT_RETURN_TYPE = YES_ERROR;
				GCC_WARN_UNDECLARED_SELECTOR = YES;
				GCC_WARN_UNINITIALIZED_AUTOS = YES_AGGRESSIVE;
				GCC_WARN_UNUSED_FUNCTION = YES;
				GCC_WARN_UNUSED_VARIABLE = YES;
				IPHONEOS_DEPLOYMENT_TARGET = 9.0;
				MTL_ENABLE_DEBUG_INFO = YES;
				ONLY_ACTIVE_ARCH = YES;
				SDKROOT = iphoneos;
				SWIFT_ACTIVE_COMPILATION_CONDITIONS = DEBUG;
				SWIFT_OPTIMIZATION_LEVEL = "-Onone";
				TARGETED_DEVICE_FAMILY = "1,2";
			};
			name = Debug;
		};
		FC7691821E2CD90A00DB6F38 /* Release */ = {
			isa = XCBuildConfiguration;
			buildSettings = {
				ALWAYS_SEARCH_USER_PATHS = NO;
				CLANG_ANALYZER_NONNULL = YES;
				CLANG_CXX_LANGUAGE_STANDARD = "gnu++0x";
				CLANG_CXX_LIBRARY = "libc++";
				CLANG_ENABLE_MODULES = YES;
				CLANG_ENABLE_OBJC_ARC = YES;
				CLANG_WARN_BOOL_CONVERSION = YES;
				CLANG_WARN_CONSTANT_CONVERSION = YES;
				CLANG_WARN_DIRECT_OBJC_ISA_USAGE = YES_ERROR;
				CLANG_WARN_DOCUMENTATION_COMMENTS = YES;
				CLANG_WARN_EMPTY_BODY = YES;
				CLANG_WARN_ENUM_CONVERSION = YES;
				CLANG_WARN_INFINITE_RECURSION = YES;
				CLANG_WARN_INT_CONVERSION = YES;
				CLANG_WARN_OBJC_ROOT_CLASS = YES_ERROR;
				CLANG_WARN_SUSPICIOUS_MOVE = YES;
				CLANG_WARN_UNREACHABLE_CODE = YES;
				CLANG_WARN__DUPLICATE_METHOD_MATCH = YES;
				"CODE_SIGN_IDENTITY[sdk=iphoneos*]" = "iPhone Developer";
				COPY_PHASE_STRIP = NO;
				DEBUG_INFORMATION_FORMAT = "dwarf-with-dsym";
				ENABLE_NS_ASSERTIONS = NO;
				ENABLE_STRICT_OBJC_MSGSEND = YES;
				GCC_C_LANGUAGE_STANDARD = gnu99;
				GCC_NO_COMMON_BLOCKS = YES;
				GCC_WARN_64_TO_32_BIT_CONVERSION = YES;
				GCC_WARN_ABOUT_RETURN_TYPE = YES_ERROR;
				GCC_WARN_UNDECLARED_SELECTOR = YES;
				GCC_WARN_UNINITIALIZED_AUTOS = YES_AGGRESSIVE;
				GCC_WARN_UNUSED_FUNCTION = YES;
				GCC_WARN_UNUSED_VARIABLE = YES;
				IPHONEOS_DEPLOYMENT_TARGET = 9.0;
				MTL_ENABLE_DEBUG_INFO = NO;
				SDKROOT = iphoneos;
				SWIFT_OPTIMIZATION_LEVEL = "-Owholemodule";
				TARGETED_DEVICE_FAMILY = "1,2";
				VALIDATE_PRODUCT = YES;
			};
			name = Release;
		};
		FC7691841E2CD90A00DB6F38 /* Debug */ = {
			isa = XCBuildConfiguration;
			baseConfigurationReference = DAA1BC2C3C4B3D431515E5F6 /* Pods-AppCollection.debug.xcconfig */;
			buildSettings = {
				ASSETCATALOG_COMPILER_APPICON_NAME = AppIcon;
				CODE_SIGN_IDENTITY = "iPhone Developer: Eugene Zadorozhniy (9WEU3XNBXT)";
				DEVELOPMENT_TEAM = 6H32342R79;
				INFOPLIST_FILE = "$(SRCROOT)/../../../Feather52/Desktop/TestRep/AppCollection/Info.plist";
				LD_RUNPATH_SEARCH_PATHS = "$(inherited) @executable_path/Frameworks";
				PRODUCT_BUNDLE_IDENTIFIER = Appus.AppusApplications;
				PRODUCT_NAME = "$(TARGET_NAME)";
				PROVISIONING_PROFILE = "9e841cf9-bd51-4acc-8c51-424dcb72cf51";
				PROVISIONING_PROFILE_SPECIFIER = "Team 101017";
				SWIFT_VERSION = 3.0;
			};
			name = Debug;
		};
		FC7691851E2CD90A00DB6F38 /* Release */ = {
			isa = XCBuildConfiguration;
			baseConfigurationReference = 4CDB24E44CE022F624F90F69 /* Pods-AppCollection.release.xcconfig */;
			buildSettings = {
				ASSETCATALOG_COMPILER_APPICON_NAME = AppIcon;
				CODE_SIGN_IDENTITY = "iPhone Developer: Eugene Zadorozhniy (9WEU3XNBXT)";
				DEVELOPMENT_TEAM = "";
				INFOPLIST_FILE = "$(SRCROOT)/../../../Feather52/Desktop/TestRep/AppCollection/Info.plist";
				LD_RUNPATH_SEARCH_PATHS = "$(inherited) @executable_path/Frameworks";
				PRODUCT_BUNDLE_IDENTIFIER = Appus.AppusApplications;
				PRODUCT_NAME = "$(TARGET_NAME)";
				PROVISIONING_PROFILE = "9e841cf9-bd51-4acc-8c51-424dcb72cf51";
				PROVISIONING_PROFILE_SPECIFIER = "Team 101017";
				SWIFT_VERSION = 3.0;
			};
			name = Release;
		};
/* End XCBuildConfiguration section */

/* Begin XCConfigurationList section */
		FC76916C1E2CD90A00DB6F38 /* Build configuration list for PBXProject "AppCollection" */ = {
			isa = XCConfigurationList;
			buildConfigurations = (
				FC7691811E2CD90A00DB6F38 /* Debug */,
				FC7691821E2CD90A00DB6F38 /* Release */,
			);
			defaultConfigurationIsVisible = 0;
			defaultConfigurationName = Release;
		};
		FC7691831E2CD90A00DB6F38 /* Build configuration list for PBXNativeTarget "AppCollection" */ = {
			isa = XCConfigurationList;
			buildConfigurations = (
				FC7691841E2CD90A00DB6F38 /* Debug */,
				FC7691851E2CD90A00DB6F38 /* Release */,
			);
			defaultConfigurationIsVisible = 0;
			defaultConfigurationName = Release;
		};
/* End XCConfigurationList section */
	};
	rootObject = FC7691691E2CD90A00DB6F38 /* Project object */;
}
